
Microsoft Visual Studio Solution File, Format Version 12.00
# Visual Studio Version 17
VisualStudioVersion = 17.13.35919.96 d17.13
MinimumVisualStudioVersion = 10.0.40219.1
Project("{FAE04EC0-301F-11D3-BF4B-00C04F79EFBC}") = "ApiCateiraVacinacaoPet", "ApiCateiraVacinacaoPet.csproj", "{4DF540BF-F1F7-49A7-BE2A-A07A7388A8E4}"
EndProject
Global
	GlobalSection(SolutionConfigurationPlatforms) = preSolution
		Debug|Any CPU = Debug|Any CPU
		Release|Any CPU = Release|Any CPU
	EndGlobalSection
	GlobalSection(ProjectConfigurationPlatforms) = postSolution
		{4DF540BF-F1F7-49A7-BE2A-A07A7388A8E4}.Debug|Any CPU.ActiveCfg = Debug|Any CPU
		{4DF540BF-F1F7-49A7-BE2A-A07A7388A8E4}.Debug|Any CPU.Build.0 = Debug|Any CPU
		{4DF540BF-F1F7-49A7-BE2A-A07A7388A8E4}.Release|Any CPU.ActiveCfg = Release|Any CPU
		{4DF540BF-F1F7-49A7-BE2A-A07A7388A8E4}.Release|Any CPU.Build.0 = Release|Any CPU
	EndGlobalSection
	GlobalSection(SolutionProperties) = preSolution
		HideSolutionNode = FALSE
	EndGlobalSection
	GlobalSection(ExtensibilityGlobals) = postSolution
		SolutionGuid = {907D6E4D-7363-46C1-B783-A7CF529F87CD}
	EndGlobalSection
EndGlobal
